
Microsoft Visual Studio Solution File, Format Version 12.00
# Visual Studio Version 17
VisualStudioVersion = 17.5.33516.290
MinimumVisualStudioVersion = 10.0.40219.1
Project("{9A19103F-16F7-4668-BE54-9A1E7A4F7556}") = "Notifications", "Notifications\Notifications.csproj", "{124BE656-D825-4A17-9FDA-FB6D256104AF}"
EndProject
Project("{9A19103F-16F7-4668-BE54-9A1E7A4F7556}") = "OrderProcessor", "OrderProcessor\OrderProcessor.csproj", "{F26D9781-7DB5-4AAB-89AB-CFE79F0B01C6}"
EndProject
Project("{9A19103F-16F7-4668-BE54-9A1E7A4F7556}") = "Warehouse", "Warehouse\Warehouse.csproj", "{2E8C1B8C-6369-4E53-A679-4448C5E98363}"
EndProject
Project("{9A19103F-16F7-4668-BE54-9A1E7A4F7556}") = "OrderAPI", "OrderAPI\OrderAPI.csproj", "{FB4F7390-2413-40F2-9308-F1C3C33C8FBF}"
EndProject
Project("{9A19103F-16F7-4668-BE54-9A1E7A4F7556}") = "Common", "Common\Common.csproj", "{48BA92B2-6F99-43F5-8E48-D9F2988D0C5F}"
EndProject
Project("{9A19103F-16F7-4668-BE54-9A1E7A4F7556}") = "CustomerAPI", "CustomerAPI\CustomerAPI.csproj", "{89D7159A-F7B3-4DA6-87F9-0F3BC01553FE}"
EndProject
Project("{9A19103F-16F7-4668-BE54-9A1E7A4F7556}") = "OcelotAPIGateway", "OcelotAPIGateway\OcelotAPIGateway.csproj", "{1ECC3073-1083-47B4-B461-14E2A3ED4E86}"
EndProject
Project("{9A19103F-16F7-4668-BE54-9A1E7A4F7556}") = "WebUI", "WebUI\WebUI.csproj", "{F6FEDF26-D6D1-4A8A-B501-F1A9E4F5DC9B}"
EndProject
Project("{9A19103F-16F7-4668-BE54-9A1E7A4F7556}") = "CatalogAPI", "CatalogAPI\CatalogAPI.csproj", "{4C4D5B7A-060F-4A77-BCC9-304CE803A124}"
EndProject
Project("{9A19103F-16F7-4668-BE54-9A1E7A4F7556}") = "ShoppingCartAPI", "ShoppingCartAPI\ShoppingCartAPI.csproj", "{ECD32399-ABCD-4EF0-BB86-5EF6D704771B}"
EndProject
Project("{FAE04EC0-301F-11D3-BF4B-00C04F79EFBC}") = "PaymentService", "Payment\PaymentService.csproj", "{87412784-AD66-42C3-B86E-F537253CC6C4}"
EndProject
Global
	GlobalSection(SolutionConfigurationPlatforms) = preSolution
		Debug|Any CPU = Debug|Any CPU
		Release|Any CPU = Release|Any CPU
	EndGlobalSection
	GlobalSection(ProjectConfigurationPlatforms) = postSolution
		{124BE656-D825-4A17-9FDA-FB6D256104AF}.Debug|Any CPU.ActiveCfg = Debug|Any CPU
		{124BE656-D825-4A17-9FDA-FB6D256104AF}.Debug|Any CPU.Build.0 = Debug|Any CPU
		{124BE656-D825-4A17-9FDA-FB6D256104AF}.Release|Any CPU.ActiveCfg = Release|Any CPU
		{124BE656-D825-4A17-9FDA-FB6D256104AF}.Release|Any CPU.Build.0 = Release|Any CPU
		{F26D9781-7DB5-4AAB-89AB-CFE79F0B01C6}.Debug|Any CPU.ActiveCfg = Debug|Any CPU
		{F26D9781-7DB5-4AAB-89AB-CFE79F0B01C6}.Debug|Any CPU.Build.0 = Debug|Any CPU
		{F26D9781-7DB5-4AAB-89AB-CFE79F0B01C6}.Release|Any CPU.ActiveCfg = Release|Any CPU
		{F26D9781-7DB5-4AAB-89AB-CFE79F0B01C6}.Release|Any CPU.Build.0 = Release|Any CPU
		{2E8C1B8C-6369-4E53-A679-4448C5E98363}.Debug|Any CPU.ActiveCfg = Debug|Any CPU
		{2E8C1B8C-6369-4E53-A679-4448C5E98363}.Debug|Any CPU.Build.0 = Debug|Any CPU
		{2E8C1B8C-6369-4E53-A679-4448C5E98363}.Release|Any CPU.ActiveCfg = Release|Any CPU
		{2E8C1B8C-6369-4E53-A679-4448C5E98363}.Release|Any CPU.Build.0 = Release|Any CPU
		{FB4F7390-2413-40F2-9308-F1C3C33C8FBF}.Debug|Any CPU.ActiveCfg = Debug|Any CPU
		{FB4F7390-2413-40F2-9308-F1C3C33C8FBF}.Debug|Any CPU.Build.0 = Debug|Any CPU
		{FB4F7390-2413-40F2-9308-F1C3C33C8FBF}.Release|Any CPU.ActiveCfg = Release|Any CPU
		{FB4F7390-2413-40F2-9308-F1C3C33C8FBF}.Release|Any CPU.Build.0 = Release|Any CPU
		{48BA92B2-6F99-43F5-8E48-D9F2988D0C5F}.Debug|Any CPU.ActiveCfg = Debug|Any CPU
		{48BA92B2-6F99-43F5-8E48-D9F2988D0C5F}.Debug|Any CPU.Build.0 = Debug|Any CPU
		{48BA92B2-6F99-43F5-8E48-D9F2988D0C5F}.Release|Any CPU.ActiveCfg = Release|Any CPU
		{48BA92B2-6F99-43F5-8E48-D9F2988D0C5F}.Release|Any CPU.Build.0 = Release|Any CPU
		{89D7159A-F7B3-4DA6-87F9-0F3BC01553FE}.Debug|Any CPU.ActiveCfg = Debug|Any CPU
		{89D7159A-F7B3-4DA6-87F9-0F3BC01553FE}.Debug|Any CPU.Build.0 = Debug|Any CPU
		{89D7159A-F7B3-4DA6-87F9-0F3BC01553FE}.Release|Any CPU.ActiveCfg = Release|Any CPU
		{89D7159A-F7B3-4DA6-87F9-0F3BC01553FE}.Release|Any CPU.Build.0 = Release|Any CPU
		{1ECC3073-1083-47B4-B461-14E2A3ED4E86}.Debug|Any CPU.ActiveCfg = Debug|Any CPU
		{1ECC3073-1083-47B4-B461-14E2A3ED4E86}.Debug|Any CPU.Build.0 = Debug|Any CPU
		{1ECC3073-1083-47B4-B461-14E2A3ED4E86}.Release|Any CPU.ActiveCfg = Release|Any CPU
		{1ECC3073-1083-47B4-B461-14E2A3ED4E86}.Release|Any CPU.Build.0 = Release|Any CPU
		{F6FEDF26-D6D1-4A8A-B501-F1A9E4F5DC9B}.Debug|Any CPU.ActiveCfg = Debug|Any CPU
		{F6FEDF26-D6D1-4A8A-B501-F1A9E4F5DC9B}.Debug|Any CPU.Build.0 = Debug|Any CPU
		{F6FEDF26-D6D1-4A8A-B501-F1A9E4F5DC9B}.Release|Any CPU.ActiveCfg = Release|Any CPU
		{F6FEDF26-D6D1-4A8A-B501-F1A9E4F5DC9B}.Release|Any CPU.Build.0 = Release|Any CPU
		{4C4D5B7A-060F-4A77-BCC9-304CE803A124}.Debug|Any CPU.ActiveCfg = Debug|Any CPU
		{4C4D5B7A-060F-4A77-BCC9-304CE803A124}.Debug|Any CPU.Build.0 = Debug|Any CPU
		{4C4D5B7A-060F-4A77-BCC9-304CE803A124}.Release|Any CPU.ActiveCfg = Release|Any CPU
		{4C4D5B7A-060F-4A77-BCC9-304CE803A124}.Release|Any CPU.Build.0 = Release|Any CPU
		{ECD32399-ABCD-4EF0-BB86-5EF6D704771B}.Debug|Any CPU.ActiveCfg = Debug|Any CPU
		{ECD32399-ABCD-4EF0-BB86-5EF6D704771B}.Debug|Any CPU.Build.0 = Debug|Any CPU
		{ECD32399-ABCD-4EF0-BB86-5EF6D704771B}.Release|Any CPU.ActiveCfg = Release|Any CPU
		{ECD32399-ABCD-4EF0-BB86-5EF6D704771B}.Release|Any CPU.Build.0 = Release|Any CPU
		{87412784-AD66-42C3-B86E-F537253CC6C4}.Debug|Any CPU.ActiveCfg = Debug|Any CPU
		{87412784-AD66-42C3-B86E-F537253CC6C4}.Debug|Any CPU.Build.0 = Debug|Any CPU
		{87412784-AD66-42C3-B86E-F537253CC6C4}.Release|Any CPU.ActiveCfg = Release|Any CPU
		{87412784-AD66-42C3-B86E-F537253CC6C4}.Release|Any CPU.Build.0 = Release|Any CPU
	EndGlobalSection
	GlobalSection(SolutionProperties) = preSolution
		HideSolutionNode = FALSE
	EndGlobalSection
	GlobalSection(ExtensibilityGlobals) = postSolution
		SolutionGuid = {6D9830E2-2686-492B-B8DD-BB8814B4B370}
	EndGlobalSection
EndGlobal
